
Microsoft Visual Studio Solution File, Format Version 12.00
# Visual Studio Version 16
VisualStudioVersion = 16.0.29306.81
MinimumVisualStudioVersion = 10.0.40219.1
Project("{FAE04EC0-301F-11D3-BF4B-00C04F79EFBC}") = "WebAppInClass3", "WebAppInClass3\WebAppInClass3.csproj", "{02D81138-B6ED-488A-8837-C2C1AF68B89D}"
EndProject
Global
	GlobalSection(SolutionConfigurationPlatforms) = preSolution
		Debug|Any CPU = Debug|Any CPU
		Release|Any CPU = Release|Any CPU
	EndGlobalSection
	GlobalSection(ProjectConfigurationPlatforms) = postSolution
		{02D81138-B6ED-488A-8837-C2C1AF68B89D}.Debug|Any CPU.ActiveCfg = Debug|Any CPU
		{02D81138-B6ED-488A-8837-C2C1AF68B89D}.Debug|Any CPU.Build.0 = Debug|Any CPU
		{02D81138-B6ED-488A-8837-C2C1AF68B89D}.Release|Any CPU.ActiveCfg = Release|Any CPU
		{02D81138-B6ED-488A-8837-C2C1AF68B89D}.Release|Any CPU.Build.0 = Release|Any CPU
	EndGlobalSection
	GlobalSection(SolutionProperties) = preSolution
		HideSolutionNode = FALSE
	EndGlobalSection
	GlobalSection(ExtensibilityGlobals) = postSolution
		SolutionGuid = {7CABA087-9520-4E79-A9CB-D31F1958BC23}
	EndGlobalSection
EndGlobal
